
Microsoft Visual Studio Solution File, Format Version 12.00
# Visual Studio Version 17
VisualStudioVersion = 17.11.35222.181
MinimumVisualStudioVersion = 10.0.40219.1
Project("{FAE04EC0-301F-11D3-BF4B-00C04F79EFBC}") = "WSLAutoDiskOptimizer", "WSLAutoDiskOptimizer\WSLAutoDiskOptimizer.csproj", "{21634C6D-C86C-4849-B89F-C504B3D17394}"
EndProject
Global
	GlobalSection(SolutionConfigurationPlatforms) = preSolution
		Debug|Any CPU = Debug|Any CPU
		Release|Any CPU = Release|Any CPU
	EndGlobalSection
	GlobalSection(ProjectConfigurationPlatforms) = postSolution
		{21634C6D-C86C-4849-B89F-C504B3D17394}.Debug|Any CPU.ActiveCfg = Debug|Any CPU
		{21634C6D-C86C-4849-B89F-C504B3D17394}.Debug|Any CPU.Build.0 = Debug|Any CPU
		{21634C6D-C86C-4849-B89F-C504B3D17394}.Release|Any CPU.ActiveCfg = Release|Any CPU
		{21634C6D-C86C-4849-B89F-C504B3D17394}.Release|Any CPU.Build.0 = Release|Any CPU
	EndGlobalSection
	GlobalSection(SolutionProperties) = preSolution
		HideSolutionNode = FALSE
	EndGlobalSection
	GlobalSection(ExtensibilityGlobals) = postSolution
		SolutionGuid = {E6212BA9-9BE1-441C-A47E-727254A737EA}
	EndGlobalSection
EndGlobal
